dependencies:
  espressif/mpu6050:
    component_hash: d69219ccb141372b863c511749ffbeab28417ac71c205d7ed7030c308e1b6832
    dependencies:
    - name: idf
      require: private
      version: '>=4.0'
    source:
      registry_url: https://components.espressif.com/
      type: service
    version: 1.2.0
  idf:
    source:
      type: idf
    version: 6.0.0
direct_dependencies:
- espressif/mpu6050
manifest_hash: 934c35034de52991fa809729eb446a27010796d9d6df0d1617a478ed5e50104d
target: esp32s3
version: 2.0.0
